{
  "nodes": {
    "nixpkgs": {
      "locked": {
        "lastModified": 1629125385,
        "narHash": "sha256-f7DZFmKccwGZXuPq1/Cjkwi9u/g2heDoIUHpvmta07k=",
        "owner": "nixos",
        "repo": "nixpkgs",
        "rev": "fa3bf682213eb4154c85c06100f5bada7a34e630",
        "type": "github"
      },
      "original": {
        "owner": "nixos",
        "ref": "master",
        "repo": "nixpkgs",
        "type": "github"
      }
    },
    "root": {
      "inputs": {
        "nixpkgs": "nixpkgs",
        "yz-flake-utils": "yz-flake-utils"
      }
    },
    "yz-flake-utils": {
      "locked": {
        "lastModified": 1623915702,
        "narHash": "sha256-BJA+aBQZJBeQ5t0TaoLSCL5ZG0AzH5lIgokGCb64nrk=",
        "owner": "YZITE",
        "repo": "flake-utils",
        "rev": "b26662a1f52046434d58daf133e814cf372fc9a4",
        "type": "github"
      },
      "original": {
        "owner": "YZITE",
        "ref": "main",
        "repo": "flake-utils",
        "type": "github"
      }
    }
  },
  "root": "root",
  "version": 7
}
