{
  "nodes": {
    "nixpkgs": {
      "locked": {
        "lastModified": 1625876282,
        "narHash": "sha256-z/Gv+11Uzdv3HcQCY+xGi1+iuc3rmCaPzxxDSMnuRAI=",
        "owner": "nixos",
        "repo": "nixpkgs",
        "rev": "068984c00e0d4e54b6684d98f6ac47c92dcb642e",
        "type": "github"
      },
      "original": {
        "owner": "nixos",
        "ref": "nixos-20.09",
        "repo": "nixpkgs",
        "type": "github"
      }
    },
    "root": {
      "inputs": {
        "nixpkgs": "nixpkgs",
        "yz-flake-utils": "yz-flake-utils"
      }
    },
    "yz-flake-utils": {
      "locked": {
        "lastModified": 1623915702,
        "narHash": "sha256-BJA+aBQZJBeQ5t0TaoLSCL5ZG0AzH5lIgokGCb64nrk=",
        "owner": "YZITE",
        "repo": "flake-utils",
        "rev": "b26662a1f52046434d58daf133e814cf372fc9a4",
        "type": "github"
      },
      "original": {
        "owner": "YZITE",
        "repo": "flake-utils",
        "type": "github"
      }
    }
  },
  "root": "root",
  "version": 7
}
